
Microsoft Visual Studio Solution File, Format Version 12.00
# Visual Studio 15
VisualStudioVersion = 15.0.28307.539
MinimumVisualStudioVersion = 10.0.40219.1
Project("{9A19103F-16F7-4668-BE54-9A1E7A4F7556}") = "Compiler", "Compiler\Compiler.csproj", "{C496911E-D793-40CB-A6D1-F3771E0E2A32}"
EndProject
Project("{9A19103F-16F7-4668-BE54-9A1E7A4F7556}") = "Lexer", "Lexer\Lexer.csproj", "{EA2B44E0-8201-4B3B-A3A3-D98833BD100F}"
EndProject
Project("{9A19103F-16F7-4668-BE54-9A1E7A4F7556}") = "Shared", "Shared\Shared.csproj", "{7FEF4113-6F45-4A83-961A-3741F4158281}"
EndProject
Project("{9A19103F-16F7-4668-BE54-9A1E7A4F7556}") = "Syntaxer", "Syntaxer\Syntaxer.csproj", "{95C54425-ECF3-47F7-AF70-E1786AF1D1F9}"
EndProject
Project("{FAE04EC0-301F-11D3-BF4B-00C04F79EFBC}") = "SemanticAnalyzer", "SemanticAnalyzer\SemanticAnalyzer.csproj", "{6CB36183-85C4-4D3B-86E7-38AC259CF257}"
EndProject
Global
	GlobalSection(SolutionConfigurationPlatforms) = preSolution
		Debug|Any CPU = Debug|Any CPU
		Release|Any CPU = Release|Any CPU
	EndGlobalSection
	GlobalSection(ProjectConfigurationPlatforms) = postSolution
		{C496911E-D793-40CB-A6D1-F3771E0E2A32}.Debug|Any CPU.ActiveCfg = Debug|Any CPU
		{C496911E-D793-40CB-A6D1-F3771E0E2A32}.Debug|Any CPU.Build.0 = Debug|Any CPU
		{C496911E-D793-40CB-A6D1-F3771E0E2A32}.Release|Any CPU.ActiveCfg = Release|Any CPU
		{C496911E-D793-40CB-A6D1-F3771E0E2A32}.Release|Any CPU.Build.0 = Release|Any CPU
		{EA2B44E0-8201-4B3B-A3A3-D98833BD100F}.Debug|Any CPU.ActiveCfg = Debug|Any CPU
		{EA2B44E0-8201-4B3B-A3A3-D98833BD100F}.Debug|Any CPU.Build.0 = Debug|Any CPU
		{EA2B44E0-8201-4B3B-A3A3-D98833BD100F}.Release|Any CPU.ActiveCfg = Release|Any CPU
		{EA2B44E0-8201-4B3B-A3A3-D98833BD100F}.Release|Any CPU.Build.0 = Release|Any CPU
		{7FEF4113-6F45-4A83-961A-3741F4158281}.Debug|Any CPU.ActiveCfg = Debug|Any CPU
		{7FEF4113-6F45-4A83-961A-3741F4158281}.Debug|Any CPU.Build.0 = Debug|Any CPU
		{7FEF4113-6F45-4A83-961A-3741F4158281}.Release|Any CPU.ActiveCfg = Release|Any CPU
		{7FEF4113-6F45-4A83-961A-3741F4158281}.Release|Any CPU.Build.0 = Release|Any CPU
		{95C54425-ECF3-47F7-AF70-E1786AF1D1F9}.Debug|Any CPU.ActiveCfg = Debug|Any CPU
		{95C54425-ECF3-47F7-AF70-E1786AF1D1F9}.Debug|Any CPU.Build.0 = Debug|Any CPU
		{95C54425-ECF3-47F7-AF70-E1786AF1D1F9}.Release|Any CPU.ActiveCfg = Release|Any CPU
		{95C54425-ECF3-47F7-AF70-E1786AF1D1F9}.Release|Any CPU.Build.0 = Release|Any CPU
		{6CB36183-85C4-4D3B-86E7-38AC259CF257}.Debug|Any CPU.ActiveCfg = Debug|Any CPU
		{6CB36183-85C4-4D3B-86E7-38AC259CF257}.Debug|Any CPU.Build.0 = Debug|Any CPU
		{6CB36183-85C4-4D3B-86E7-38AC259CF257}.Release|Any CPU.ActiveCfg = Release|Any CPU
		{6CB36183-85C4-4D3B-86E7-38AC259CF257}.Release|Any CPU.Build.0 = Release|Any CPU
	EndGlobalSection
	GlobalSection(SolutionProperties) = preSolution
		HideSolutionNode = FALSE
	EndGlobalSection
	GlobalSection(ExtensibilityGlobals) = postSolution
		SolutionGuid = {F20B9311-D2CE-4E87-A01B-61E0D11FE780}
	EndGlobalSection
EndGlobal
